# THIS IS AN AUTOGENERATED FILE. DO NOT EDIT THIS FILE DIRECTLY.
# yarn lockfile v1


mustache@^4.1.0:
  version "4.1.0"
  resolved "https://registry.yarnpkg.com/mustache/-/mustache-4.1.0.tgz#8c1b042238a982d2eb2d30efc6c14296ae3f699d"
  integrity sha512-0FsgP/WVq4mKyjolIyX+Z9Bd+3WS8GOwoUTyKXT5cTYMGeauNTi2HPCwERqseC1IHAy0Z7MDZnJBfjabd4O8GQ==

yaml@^2.0.0-1:
  version "2.0.0-1"
  resolved "https://registry.yarnpkg.com/yaml/-/yaml-2.0.0-1.tgz#8c3029b3ee2028306d5bcf396980623115ff8d18"
  integrity sha512-W7h5dEhywMKenDJh2iX/LABkbFnBxasD27oyXWDS/feDsxiw0dD5ncXdYXgkvAsXIY2MpW/ZKkr9IU30DBdMNQ==
